
Microsoft Visual Studio Solution File, Format Version 12.00
# Visual Studio 15
VisualStudioVersion = 15.0.27703.2035
MinimumVisualStudioVersion = 10.0.40219.1
Project("{9A19103F-16F7-4668-BE54-9A1E7A4F7556}") = "CardGameCollections", "CardGameCollections\CardGameCollections.csproj", "{5F755456-800A-4C70-BD08-9972BE5F3B73}"
EndProject
Project("{FAE04EC0-301F-11D3-BF4B-00C04F79EFBC}") = "TestsForCardGameCollections", "TestsForCardGameCollections\TestsForCardGameCollections.csproj", "{CC564866-E267-4C46-B057-538F98BDC989}"
EndProject
Global
	GlobalSection(SolutionConfigurationPlatforms) = preSolution
		Debug|Any CPU = Debug|Any CPU
		Release|Any CPU = Release|Any CPU
	EndGlobalSection
	GlobalSection(ProjectConfigurationPlatforms) = postSolution
		{5F755456-800A-4C70-BD08-9972BE5F3B73}.Debug|Any CPU.ActiveCfg = Debug|Any CPU
		{5F755456-800A-4C70-BD08-9972BE5F3B73}.Debug|Any CPU.Build.0 = Debug|Any CPU
		{5F755456-800A-4C70-BD08-9972BE5F3B73}.Release|Any CPU.ActiveCfg = Release|Any CPU
		{5F755456-800A-4C70-BD08-9972BE5F3B73}.Release|Any CPU.Build.0 = Release|Any CPU
		{CC564866-E267-4C46-B057-538F98BDC989}.Debug|Any CPU.ActiveCfg = Debug|Any CPU
		{CC564866-E267-4C46-B057-538F98BDC989}.Debug|Any CPU.Build.0 = Debug|Any CPU
		{CC564866-E267-4C46-B057-538F98BDC989}.Release|Any CPU.ActiveCfg = Release|Any CPU
		{CC564866-E267-4C46-B057-538F98BDC989}.Release|Any CPU.Build.0 = Release|Any CPU
	EndGlobalSection
	GlobalSection(SolutionProperties) = preSolution
		HideSolutionNode = FALSE
	EndGlobalSection
	GlobalSection(ExtensibilityGlobals) = postSolution
		SolutionGuid = {4E244F3A-CA34-44C2-A5DB-492CFCBE917D}
	EndGlobalSection
EndGlobal
